
Microsoft Visual Studio Solution File, Format Version 12.00
# Visual Studio 15
VisualStudioVersion = 15.0.27703.2026
MinimumVisualStudioVersion = 10.0.40219.1
Project("{FAE04EC0-301F-11D3-BF4B-00C04F79EFBC}") = "DomainModels", "Domain\DomainModels.csproj", "{C7BC287E-6F9C-4393-B1AB-E3A74735E2F3}"
EndProject
Project("{FAE04EC0-301F-11D3-BF4B-00C04F79EFBC}") = "EfData", "Data\EfData.csproj", "{6449B522-3F17-43E6-8423-6C2DE0891C30}"
EndProject
Project("{2150E333-8FDC-42A3-9474-1A3956D46DE8}") = "Shared", "Shared", "{59954F81-748A-401E-BC1A-8845F3508F9C}"
EndProject
Project("{FAE04EC0-301F-11D3-BF4B-00C04F79EFBC}") = "Logging", "Logging\Logging.csproj", "{6F0BA0E3-FB90-4C18-B122-BC8DD1FCB39A}"
EndProject
Project("{2150E333-8FDC-42A3-9474-1A3956D46DE8}") = "Business", "Business", "{CFBECD90-E963-40DE-8D9E-D8EACB781D49}"
EndProject
Project("{2150E333-8FDC-42A3-9474-1A3956D46DE8}") = "Data", "Data", "{82718B35-E97D-4B17-B9C2-F533D7511E99}"
EndProject
Project("{2150E333-8FDC-42A3-9474-1A3956D46DE8}") = "Models", "Models", "{01ECC7DA-EB15-441B-8A08-0336A5546B76}"
EndProject
Project("{2150E333-8FDC-42A3-9474-1A3956D46DE8}") = "Interfaces", "Interfaces", "{514D0F6E-D543-4350-9862-D2508FBDE779}"
EndProject
Project("{FAE04EC0-301F-11D3-BF4B-00C04F79EFBC}") = "Framework", "Business\Environment\Framework.csproj", "{A1E8E75C-3304-40E0-B08A-47DDFCA8DCD4}"
EndProject
Project("{FAE04EC0-301F-11D3-BF4B-00C04F79EFBC}") = "WorkflowEngine", "Business\Workflow\WorkflowEngine.csproj", "{433CC126-CB25-4043-B2D8-DE8C9E7F9F51}"
EndProject
Project("{2150E333-8FDC-42A3-9474-1A3956D46DE8}") = "API", "API", "{F34FE370-64D6-4B2E-940D-C481A646C1B1}"
EndProject
Project("{FAE04EC0-301F-11D3-BF4B-00C04F79EFBC}") = "RigApi", "Api\RigApi\RigApi.csproj", "{A4F9F839-FFAF-4E28-AC6B-66573770EE77}"
EndProject
Project("{FAE04EC0-301F-11D3-BF4B-00C04F79EFBC}") = "BusinessServices", "Business\Services\BusinessServices.csproj", "{68756816-8632-4B4C-B760-1968B1C31289}"
EndProject
Project("{FAE04EC0-301F-11D3-BF4B-00C04F79EFBC}") = "EfData.Tests", "Tests\EfData.Tests\EfData.Tests.csproj", "{274D30BD-4680-4747-9A63-C85DF0442B89}"
EndProject
Project("{FAE04EC0-301F-11D3-BF4B-00C04F79EFBC}") = "Framework.Tests", "Tests\Framework.Tests\Framework.Tests.csproj", "{181AB00E-8C85-4F6C-BE65-945F94C271FB}"
EndProject
Project("{FAE04EC0-301F-11D3-BF4B-00C04F79EFBC}") = "ServiceInterfaces", "Interfaces\Services\ServiceInterfaces.csproj", "{14A6FFC0-8BCC-4B4D-BC74-3C9B25483664}"
EndProject
Project("{FAE04EC0-301F-11D3-BF4B-00C04F79EFBC}") = "DomainInterfaces", "Interfaces\Domain\DomainInterfaces.csproj", "{09E11CBD-8342-4F87-847F-0E239656DCA5}"
EndProject
Project("{FAE04EC0-301F-11D3-BF4B-00C04F79EFBC}") = "DataInterfaces", "Interfaces\Data\DataInterfaces.csproj", "{C26FCFCE-A6CB-4D46-B236-C8C647800861}"
EndProject
Project("{FAE04EC0-301F-11D3-BF4B-00C04F79EFBC}") = "Extensions", "Shared\Extensions\Extensions.csproj", "{EDFCF717-F999-49E2-95A5-B96A88C00FCC}"
EndProject
Project("{FAE04EC0-301F-11D3-BF4B-00C04F79EFBC}") = "ApiConstants", "Shared\Constants\ApiConstants.csproj", "{FA75858F-D857-4C2E-BC31-16768AED3F7E}"
EndProject
Project("{FAE04EC0-301F-11D3-BF4B-00C04F79EFBC}") = "UIConstants", "Shared\UIConstants\UIConstants.csproj", "{40CDB0AF-7100-4419-A51E-0D80B4B9BE8A}"
EndProject
Project("{FAE04EC0-301F-11D3-BF4B-00C04F79EFBC}") = "CorpApi", "Api\CorpApi\CorpApi.csproj", "{B805CDC2-F6E5-4AB7-BCC2-F554A76F1DCA}"
EndProject
Project("{2150E333-8FDC-42A3-9474-1A3956D46DE8}") = "Shared", "Shared", "{39E46871-FBC4-4D7A-A0CD-16640B1A8D9D}"
EndProject
Project("{FAE04EC0-301F-11D3-BF4B-00C04F79EFBC}") = "Common", "Api\Shared\OwinSecurity\Common.csproj", "{2A5F56FC-C374-4072-8AA0-FFD9D38A7C66}"
EndProject
Global
	GlobalSection(SolutionConfigurationPlatforms) = preSolution
		CORP-API-UAT|Any CPU = CORP-API-UAT|Any CPU
		Debug|Any CPU = Debug|Any CPU
		R8505-RIG-API|Any CPU = R8505-RIG-API|Any CPU
		Release|Any CPU = Release|Any CPU
		RIG-API-DEV|Any CPU = RIG-API-DEV|Any CPU
		RIG-API-UAT|Any CPU = RIG-API-UAT|Any CPU
		UAT|Any CPU = UAT|Any CPU
	EndGlobalSection
	GlobalSection(ProjectConfigurationPlatforms) = postSolution
		{C7BC287E-6F9C-4393-B1AB-E3A74735E2F3}.CORP-API-UAT|Any CPU.ActiveCfg = CORP-API-UAT|Any CPU
		{C7BC287E-6F9C-4393-B1AB-E3A74735E2F3}.CORP-API-UAT|Any CPU.Build.0 = CORP-API-UAT|Any CPU
		{C7BC287E-6F9C-4393-B1AB-E3A74735E2F3}.Debug|Any CPU.ActiveCfg = Debug|Any CPU
		{C7BC287E-6F9C-4393-B1AB-E3A74735E2F3}.Debug|Any CPU.Build.0 = Debug|Any CPU
		{C7BC287E-6F9C-4393-B1AB-E3A74735E2F3}.R8505-RIG-API|Any CPU.ActiveCfg = R8505-RIG-API|Any CPU
		{C7BC287E-6F9C-4393-B1AB-E3A74735E2F3}.R8505-RIG-API|Any CPU.Build.0 = R8505-RIG-API|Any CPU
		{C7BC287E-6F9C-4393-B1AB-E3A74735E2F3}.Release|Any CPU.ActiveCfg = Release|Any CPU
		{C7BC287E-6F9C-4393-B1AB-E3A74735E2F3}.Release|Any CPU.Build.0 = Release|Any CPU
		{C7BC287E-6F9C-4393-B1AB-E3A74735E2F3}.RIG-API-DEV|Any CPU.ActiveCfg = RIG-API-DEV|Any CPU
		{C7BC287E-6F9C-4393-B1AB-E3A74735E2F3}.RIG-API-DEV|Any CPU.Build.0 = RIG-API-DEV|Any CPU
		{C7BC287E-6F9C-4393-B1AB-E3A74735E2F3}.RIG-API-UAT|Any CPU.ActiveCfg = RIG-API-UAT|Any CPU
		{C7BC287E-6F9C-4393-B1AB-E3A74735E2F3}.RIG-API-UAT|Any CPU.Build.0 = RIG-API-UAT|Any CPU
		{C7BC287E-6F9C-4393-B1AB-E3A74735E2F3}.UAT|Any CPU.ActiveCfg = UAT|Any CPU
		{C7BC287E-6F9C-4393-B1AB-E3A74735E2F3}.UAT|Any CPU.Build.0 = UAT|Any CPU
		{6449B522-3F17-43E6-8423-6C2DE0891C30}.CORP-API-UAT|Any CPU.ActiveCfg = CORP-API-UAT|Any CPU
		{6449B522-3F17-43E6-8423-6C2DE0891C30}.CORP-API-UAT|Any CPU.Build.0 = CORP-API-UAT|Any CPU
		{6449B522-3F17-43E6-8423-6C2DE0891C30}.Debug|Any CPU.ActiveCfg = Debug|Any CPU
		{6449B522-3F17-43E6-8423-6C2DE0891C30}.Debug|Any CPU.Build.0 = Debug|Any CPU
		{6449B522-3F17-43E6-8423-6C2DE0891C30}.R8505-RIG-API|Any CPU.ActiveCfg = R8505-RIG-API|Any CPU
		{6449B522-3F17-43E6-8423-6C2DE0891C30}.R8505-RIG-API|Any CPU.Build.0 = R8505-RIG-API|Any CPU
		{6449B522-3F17-43E6-8423-6C2DE0891C30}.Release|Any CPU.ActiveCfg = Release|Any CPU
		{6449B522-3F17-43E6-8423-6C2DE0891C30}.Release|Any CPU.Build.0 = Release|Any CPU
		{6449B522-3F17-43E6-8423-6C2DE0891C30}.RIG-API-DEV|Any CPU.ActiveCfg = RIG-API-DEV|Any CPU
		{6449B522-3F17-43E6-8423-6C2DE0891C30}.RIG-API-DEV|Any CPU.Build.0 = RIG-API-DEV|Any CPU
		{6449B522-3F17-43E6-8423-6C2DE0891C30}.RIG-API-UAT|Any CPU.ActiveCfg = RIG-API-UAT|Any CPU
		{6449B522-3F17-43E6-8423-6C2DE0891C30}.RIG-API-UAT|Any CPU.Build.0 = RIG-API-UAT|Any CPU
		{6449B522-3F17-43E6-8423-6C2DE0891C30}.UAT|Any CPU.ActiveCfg = UAT|Any CPU
		{6449B522-3F17-43E6-8423-6C2DE0891C30}.UAT|Any CPU.Build.0 = UAT|Any CPU
		{6F0BA0E3-FB90-4C18-B122-BC8DD1FCB39A}.CORP-API-UAT|Any CPU.ActiveCfg = CORP-API-UAT|Any CPU
		{6F0BA0E3-FB90-4C18-B122-BC8DD1FCB39A}.CORP-API-UAT|Any CPU.Build.0 = CORP-API-UAT|Any CPU
		{6F0BA0E3-FB90-4C18-B122-BC8DD1FCB39A}.Debug|Any CPU.ActiveCfg = Debug|Any CPU
		{6F0BA0E3-FB90-4C18-B122-BC8DD1FCB39A}.Debug|Any CPU.Build.0 = Debug|Any CPU
		{6F0BA0E3-FB90-4C18-B122-BC8DD1FCB39A}.R8505-RIG-API|Any CPU.ActiveCfg = R8505-RIG-API|Any CPU
		{6F0BA0E3-FB90-4C18-B122-BC8DD1FCB39A}.R8505-RIG-API|Any CPU.Build.0 = R8505-RIG-API|Any CPU
		{6F0BA0E3-FB90-4C18-B122-BC8DD1FCB39A}.Release|Any CPU.ActiveCfg = Release|Any CPU
		{6F0BA0E3-FB90-4C18-B122-BC8DD1FCB39A}.Release|Any CPU.Build.0 = Release|Any CPU
		{6F0BA0E3-FB90-4C18-B122-BC8DD1FCB39A}.RIG-API-DEV|Any CPU.ActiveCfg = RIG-API-DEV|Any CPU
		{6F0BA0E3-FB90-4C18-B122-BC8DD1FCB39A}.RIG-API-DEV|Any CPU.Build.0 = RIG-API-DEV|Any CPU
		{6F0BA0E3-FB90-4C18-B122-BC8DD1FCB39A}.RIG-API-UAT|Any CPU.ActiveCfg = RIG-API-UAT|Any CPU
		{6F0BA0E3-FB90-4C18-B122-BC8DD1FCB39A}.RIG-API-UAT|Any CPU.Build.0 = RIG-API-UAT|Any CPU
		{6F0BA0E3-FB90-4C18-B122-BC8DD1FCB39A}.UAT|Any CPU.ActiveCfg = UAT|Any CPU
		{6F0BA0E3-FB90-4C18-B122-BC8DD1FCB39A}.UAT|Any CPU.Build.0 = UAT|Any CPU
		{A1E8E75C-3304-40E0-B08A-47DDFCA8DCD4}.CORP-API-UAT|Any CPU.ActiveCfg = CORP-API-UAT|Any CPU
		{A1E8E75C-3304-40E0-B08A-47DDFCA8DCD4}.CORP-API-UAT|Any CPU.Build.0 = CORP-API-UAT|Any CPU
		{A1E8E75C-3304-40E0-B08A-47DDFCA8DCD4}.Debug|Any CPU.ActiveCfg = Debug|Any CPU
		{A1E8E75C-3304-40E0-B08A-47DDFCA8DCD4}.Debug|Any CPU.Build.0 = Debug|Any CPU
		{A1E8E75C-3304-40E0-B08A-47DDFCA8DCD4}.R8505-RIG-API|Any CPU.ActiveCfg = R8505-RIG-API|Any CPU
		{A1E8E75C-3304-40E0-B08A-47DDFCA8DCD4}.R8505-RIG-API|Any CPU.Build.0 = R8505-RIG-API|Any CPU
		{A1E8E75C-3304-40E0-B08A-47DDFCA8DCD4}.Release|Any CPU.ActiveCfg = Release|Any CPU
		{A1E8E75C-3304-40E0-B08A-47DDFCA8DCD4}.Release|Any CPU.Build.0 = Release|Any CPU
		{A1E8E75C-3304-40E0-B08A-47DDFCA8DCD4}.RIG-API-DEV|Any CPU.ActiveCfg = RIG-API-DEV|Any CPU
		{A1E8E75C-3304-40E0-B08A-47DDFCA8DCD4}.RIG-API-DEV|Any CPU.Build.0 = RIG-API-DEV|Any CPU
		{A1E8E75C-3304-40E0-B08A-47DDFCA8DCD4}.RIG-API-UAT|Any CPU.ActiveCfg = RIG-API-UAT|Any CPU
		{A1E8E75C-3304-40E0-B08A-47DDFCA8DCD4}.RIG-API-UAT|Any CPU.Build.0 = RIG-API-UAT|Any CPU
		{A1E8E75C-3304-40E0-B08A-47DDFCA8DCD4}.UAT|Any CPU.ActiveCfg = UAT|Any CPU
		{A1E8E75C-3304-40E0-B08A-47DDFCA8DCD4}.UAT|Any CPU.Build.0 = UAT|Any CPU
		{433CC126-CB25-4043-B2D8-DE8C9E7F9F51}.CORP-API-UAT|Any CPU.ActiveCfg = CORP-API-UAT|Any CPU
		{433CC126-CB25-4043-B2D8-DE8C9E7F9F51}.CORP-API-UAT|Any CPU.Build.0 = CORP-API-UAT|Any CPU
		{433CC126-CB25-4043-B2D8-DE8C9E7F9F51}.Debug|Any CPU.ActiveCfg = Debug|Any CPU
		{433CC126-CB25-4043-B2D8-DE8C9E7F9F51}.Debug|Any CPU.Build.0 = Debug|Any CPU
		{433CC126-CB25-4043-B2D8-DE8C9E7F9F51}.R8505-RIG-API|Any CPU.ActiveCfg = R8505-RIG-API|Any CPU
		{433CC126-CB25-4043-B2D8-DE8C9E7F9F51}.R8505-RIG-API|Any CPU.Build.0 = R8505-RIG-API|Any CPU
		{433CC126-CB25-4043-B2D8-DE8C9E7F9F51}.Release|Any CPU.ActiveCfg = Release|Any CPU
		{433CC126-CB25-4043-B2D8-DE8C9E7F9F51}.Release|Any CPU.Build.0 = Release|Any CPU
		{433CC126-CB25-4043-B2D8-DE8C9E7F9F51}.RIG-API-DEV|Any CPU.ActiveCfg = RIG-API-DEV|Any CPU
		{433CC126-CB25-4043-B2D8-DE8C9E7F9F51}.RIG-API-DEV|Any CPU.Build.0 = RIG-API-DEV|Any CPU
		{433CC126-CB25-4043-B2D8-DE8C9E7F9F51}.RIG-API-UAT|Any CPU.ActiveCfg = RIG-API-UAT|Any CPU
		{433CC126-CB25-4043-B2D8-DE8C9E7F9F51}.RIG-API-UAT|Any CPU.Build.0 = RIG-API-UAT|Any CPU
		{433CC126-CB25-4043-B2D8-DE8C9E7F9F51}.UAT|Any CPU.ActiveCfg = UAT|Any CPU
		{433CC126-CB25-4043-B2D8-DE8C9E7F9F51}.UAT|Any CPU.Build.0 = UAT|Any CPU
		{A4F9F839-FFAF-4E28-AC6B-66573770EE77}.CORP-API-UAT|Any CPU.ActiveCfg = CORP-API-UAT|Any CPU
		{A4F9F839-FFAF-4E28-AC6B-66573770EE77}.CORP-API-UAT|Any CPU.Build.0 = CORP-API-UAT|Any CPU
		{A4F9F839-FFAF-4E28-AC6B-66573770EE77}.Debug|Any CPU.ActiveCfg = Debug|Any CPU
		{A4F9F839-FFAF-4E28-AC6B-66573770EE77}.Debug|Any CPU.Build.0 = Debug|Any CPU
		{A4F9F839-FFAF-4E28-AC6B-66573770EE77}.R8505-RIG-API|Any CPU.ActiveCfg = R8505-RIG-API|Any CPU
		{A4F9F839-FFAF-4E28-AC6B-66573770EE77}.R8505-RIG-API|Any CPU.Build.0 = R8505-RIG-API|Any CPU
		{A4F9F839-FFAF-4E28-AC6B-66573770EE77}.Release|Any CPU.ActiveCfg = Release|Any CPU
		{A4F9F839-FFAF-4E28-AC6B-66573770EE77}.Release|Any CPU.Build.0 = Release|Any CPU
		{A4F9F839-FFAF-4E28-AC6B-66573770EE77}.RIG-API-DEV|Any CPU.ActiveCfg = RIG-API-DEV|Any CPU
		{A4F9F839-FFAF-4E28-AC6B-66573770EE77}.RIG-API-DEV|Any CPU.Build.0 = RIG-API-DEV|Any CPU
		{A4F9F839-FFAF-4E28-AC6B-66573770EE77}.RIG-API-UAT|Any CPU.ActiveCfg = RIG-API-UAT|Any CPU
		{A4F9F839-FFAF-4E28-AC6B-66573770EE77}.RIG-API-UAT|Any CPU.Build.0 = RIG-API-UAT|Any CPU
		{A4F9F839-FFAF-4E28-AC6B-66573770EE77}.UAT|Any CPU.ActiveCfg = UAT|Any CPU
		{A4F9F839-FFAF-4E28-AC6B-66573770EE77}.UAT|Any CPU.Build.0 = UAT|Any CPU
		{68756816-8632-4B4C-B760-1968B1C31289}.CORP-API-UAT|Any CPU.ActiveCfg = CORP-API-UAT|Any CPU
		{68756816-8632-4B4C-B760-1968B1C31289}.CORP-API-UAT|Any CPU.Build.0 = CORP-API-UAT|Any CPU
		{68756816-8632-4B4C-B760-1968B1C31289}.Debug|Any CPU.ActiveCfg = Debug|Any CPU
		{68756816-8632-4B4C-B760-1968B1C31289}.Debug|Any CPU.Build.0 = Debug|Any CPU
		{68756816-8632-4B4C-B760-1968B1C31289}.R8505-RIG-API|Any CPU.ActiveCfg = R8505-RIG-API|Any CPU
		{68756816-8632-4B4C-B760-1968B1C31289}.R8505-RIG-API|Any CPU.Build.0 = R8505-RIG-API|Any CPU
		{68756816-8632-4B4C-B760-1968B1C31289}.Release|Any CPU.ActiveCfg = Release|Any CPU
		{68756816-8632-4B4C-B760-1968B1C31289}.Release|Any CPU.Build.0 = Release|Any CPU
		{68756816-8632-4B4C-B760-1968B1C31289}.RIG-API-DEV|Any CPU.ActiveCfg = RIG-API-DEV|Any CPU
		{68756816-8632-4B4C-B760-1968B1C31289}.RIG-API-DEV|Any CPU.Build.0 = RIG-API-DEV|Any CPU
		{68756816-8632-4B4C-B760-1968B1C31289}.RIG-API-UAT|Any CPU.ActiveCfg = RIG-API-UAT|Any CPU
		{68756816-8632-4B4C-B760-1968B1C31289}.RIG-API-UAT|Any CPU.Build.0 = RIG-API-UAT|Any CPU
		{68756816-8632-4B4C-B760-1968B1C31289}.UAT|Any CPU.ActiveCfg = UAT|Any CPU
		{68756816-8632-4B4C-B760-1968B1C31289}.UAT|Any CPU.Build.0 = UAT|Any CPU
		{274D30BD-4680-4747-9A63-C85DF0442B89}.CORP-API-UAT|Any CPU.ActiveCfg = CORP-API-UAT|Any CPU
		{274D30BD-4680-4747-9A63-C85DF0442B89}.CORP-API-UAT|Any CPU.Build.0 = CORP-API-UAT|Any CPU
		{274D30BD-4680-4747-9A63-C85DF0442B89}.Debug|Any CPU.ActiveCfg = Debug|Any CPU
		{274D30BD-4680-4747-9A63-C85DF0442B89}.Debug|Any CPU.Build.0 = Debug|Any CPU
		{274D30BD-4680-4747-9A63-C85DF0442B89}.R8505-RIG-API|Any CPU.ActiveCfg = R8505-RIG-API|Any CPU
		{274D30BD-4680-4747-9A63-C85DF0442B89}.R8505-RIG-API|Any CPU.Build.0 = R8505-RIG-API|Any CPU
		{274D30BD-4680-4747-9A63-C85DF0442B89}.Release|Any CPU.ActiveCfg = Release|Any CPU
		{274D30BD-4680-4747-9A63-C85DF0442B89}.Release|Any CPU.Build.0 = Release|Any CPU
		{274D30BD-4680-4747-9A63-C85DF0442B89}.RIG-API-DEV|Any CPU.ActiveCfg = RIG-API-DEV|Any CPU
		{274D30BD-4680-4747-9A63-C85DF0442B89}.RIG-API-DEV|Any CPU.Build.0 = RIG-API-DEV|Any CPU
		{274D30BD-4680-4747-9A63-C85DF0442B89}.RIG-API-UAT|Any CPU.ActiveCfg = RIG-API-UAT|Any CPU
		{274D30BD-4680-4747-9A63-C85DF0442B89}.RIG-API-UAT|Any CPU.Build.0 = RIG-API-UAT|Any CPU
		{274D30BD-4680-4747-9A63-C85DF0442B89}.UAT|Any CPU.ActiveCfg = UAT|Any CPU
		{274D30BD-4680-4747-9A63-C85DF0442B89}.UAT|Any CPU.Build.0 = UAT|Any CPU
		{181AB00E-8C85-4F6C-BE65-945F94C271FB}.CORP-API-UAT|Any CPU.ActiveCfg = CORP-API-UAT|Any CPU
		{181AB00E-8C85-4F6C-BE65-945F94C271FB}.CORP-API-UAT|Any CPU.Build.0 = CORP-API-UAT|Any CPU
		{181AB00E-8C85-4F6C-BE65-945F94C271FB}.Debug|Any CPU.ActiveCfg = Debug|Any CPU
		{181AB00E-8C85-4F6C-BE65-945F94C271FB}.Debug|Any CPU.Build.0 = Debug|Any CPU
		{181AB00E-8C85-4F6C-BE65-945F94C271FB}.R8505-RIG-API|Any CPU.ActiveCfg = R8505-RIG-API|Any CPU
		{181AB00E-8C85-4F6C-BE65-945F94C271FB}.R8505-RIG-API|Any CPU.Build.0 = R8505-RIG-API|Any CPU
		{181AB00E-8C85-4F6C-BE65-945F94C271FB}.Release|Any CPU.ActiveCfg = Release|Any CPU
		{181AB00E-8C85-4F6C-BE65-945F94C271FB}.Release|Any CPU.Build.0 = Release|Any CPU
		{181AB00E-8C85-4F6C-BE65-945F94C271FB}.RIG-API-DEV|Any CPU.ActiveCfg = RIG-API-DEV|Any CPU
		{181AB00E-8C85-4F6C-BE65-945F94C271FB}.RIG-API-DEV|Any CPU.Build.0 = RIG-API-DEV|Any CPU
		{181AB00E-8C85-4F6C-BE65-945F94C271FB}.RIG-API-UAT|Any CPU.ActiveCfg = RIG-API-UAT|Any CPU
		{181AB00E-8C85-4F6C-BE65-945F94C271FB}.RIG-API-UAT|Any CPU.Build.0 = RIG-API-UAT|Any CPU
		{181AB00E-8C85-4F6C-BE65-945F94C271FB}.UAT|Any CPU.ActiveCfg = UAT|Any CPU
		{181AB00E-8C85-4F6C-BE65-945F94C271FB}.UAT|Any CPU.Build.0 = UAT|Any CPU
		{14A6FFC0-8BCC-4B4D-BC74-3C9B25483664}.CORP-API-UAT|Any CPU.ActiveCfg = CORP-API-UAT|Any CPU
		{14A6FFC0-8BCC-4B4D-BC74-3C9B25483664}.CORP-API-UAT|Any CPU.Build.0 = CORP-API-UAT|Any CPU
		{14A6FFC0-8BCC-4B4D-BC74-3C9B25483664}.Debug|Any CPU.ActiveCfg = Debug|Any CPU
		{14A6FFC0-8BCC-4B4D-BC74-3C9B25483664}.Debug|Any CPU.Build.0 = Debug|Any CPU
		{14A6FFC0-8BCC-4B4D-BC74-3C9B25483664}.R8505-RIG-API|Any CPU.ActiveCfg = R8505-RIG-API|Any CPU
		{14A6FFC0-8BCC-4B4D-BC74-3C9B25483664}.R8505-RIG-API|Any CPU.Build.0 = R8505-RIG-API|Any CPU
		{14A6FFC0-8BCC-4B4D-BC74-3C9B25483664}.Release|Any CPU.ActiveCfg = Release|Any CPU
		{14A6FFC0-8BCC-4B4D-BC74-3C9B25483664}.Release|Any CPU.Build.0 = Release|Any CPU
		{14A6FFC0-8BCC-4B4D-BC74-3C9B25483664}.RIG-API-DEV|Any CPU.ActiveCfg = RIG-API-DEV|Any CPU
		{14A6FFC0-8BCC-4B4D-BC74-3C9B25483664}.RIG-API-DEV|Any CPU.Build.0 = RIG-API-DEV|Any CPU
		{14A6FFC0-8BCC-4B4D-BC74-3C9B25483664}.RIG-API-UAT|Any CPU.ActiveCfg = RIG-API-UAT|Any CPU
		{14A6FFC0-8BCC-4B4D-BC74-3C9B25483664}.RIG-API-UAT|Any CPU.Build.0 = RIG-API-UAT|Any CPU
		{14A6FFC0-8BCC-4B4D-BC74-3C9B25483664}.UAT|Any CPU.ActiveCfg = UAT|Any CPU
		{14A6FFC0-8BCC-4B4D-BC74-3C9B25483664}.UAT|Any CPU.Build.0 = UAT|Any CPU
		{09E11CBD-8342-4F87-847F-0E239656DCA5}.CORP-API-UAT|Any CPU.ActiveCfg = CORP-API-UAT|Any CPU
		{09E11CBD-8342-4F87-847F-0E239656DCA5}.CORP-API-UAT|Any CPU.Build.0 = CORP-API-UAT|Any CPU
		{09E11CBD-8342-4F87-847F-0E239656DCA5}.Debug|Any CPU.ActiveCfg = Debug|Any CPU
		{09E11CBD-8342-4F87-847F-0E239656DCA5}.Debug|Any CPU.Build.0 = Debug|Any CPU
		{09E11CBD-8342-4F87-847F-0E239656DCA5}.R8505-RIG-API|Any CPU.ActiveCfg = R8505-RIG-API|Any CPU
		{09E11CBD-8342-4F87-847F-0E239656DCA5}.R8505-RIG-API|Any CPU.Build.0 = R8505-RIG-API|Any CPU
		{09E11CBD-8342-4F87-847F-0E239656DCA5}.Release|Any CPU.ActiveCfg = Release|Any CPU
		{09E11CBD-8342-4F87-847F-0E239656DCA5}.Release|Any CPU.Build.0 = Release|Any CPU
		{09E11CBD-8342-4F87-847F-0E239656DCA5}.RIG-API-DEV|Any CPU.ActiveCfg = RIG-API-DEV|Any CPU
		{09E11CBD-8342-4F87-847F-0E239656DCA5}.RIG-API-DEV|Any CPU.Build.0 = RIG-API-DEV|Any CPU
		{09E11CBD-8342-4F87-847F-0E239656DCA5}.RIG-API-UAT|Any CPU.ActiveCfg = RIG-API-UAT|Any CPU
		{09E11CBD-8342-4F87-847F-0E239656DCA5}.RIG-API-UAT|Any CPU.Build.0 = RIG-API-UAT|Any CPU
		{09E11CBD-8342-4F87-847F-0E239656DCA5}.UAT|Any CPU.ActiveCfg = UAT|Any CPU
		{09E11CBD-8342-4F87-847F-0E239656DCA5}.UAT|Any CPU.Build.0 = UAT|Any CPU
		{C26FCFCE-A6CB-4D46-B236-C8C647800861}.CORP-API-UAT|Any CPU.ActiveCfg = CORP-API-UAT|Any CPU
		{C26FCFCE-A6CB-4D46-B236-C8C647800861}.CORP-API-UAT|Any CPU.Build.0 = CORP-API-UAT|Any CPU
		{C26FCFCE-A6CB-4D46-B236-C8C647800861}.Debug|Any CPU.ActiveCfg = Debug|Any CPU
		{C26FCFCE-A6CB-4D46-B236-C8C647800861}.Debug|Any CPU.Build.0 = Debug|Any CPU
		{C26FCFCE-A6CB-4D46-B236-C8C647800861}.R8505-RIG-API|Any CPU.ActiveCfg = R8505-RIG-API|Any CPU
		{C26FCFCE-A6CB-4D46-B236-C8C647800861}.R8505-RIG-API|Any CPU.Build.0 = R8505-RIG-API|Any CPU
		{C26FCFCE-A6CB-4D46-B236-C8C647800861}.Release|Any CPU.ActiveCfg = Release|Any CPU
		{C26FCFCE-A6CB-4D46-B236-C8C647800861}.Release|Any CPU.Build.0 = Release|Any CPU
		{C26FCFCE-A6CB-4D46-B236-C8C647800861}.RIG-API-DEV|Any CPU.ActiveCfg = RIG-API-DEV|Any CPU
		{C26FCFCE-A6CB-4D46-B236-C8C647800861}.RIG-API-DEV|Any CPU.Build.0 = RIG-API-DEV|Any CPU
		{C26FCFCE-A6CB-4D46-B236-C8C647800861}.RIG-API-UAT|Any CPU.ActiveCfg = RIG-API-UAT|Any CPU
		{C26FCFCE-A6CB-4D46-B236-C8C647800861}.RIG-API-UAT|Any CPU.Build.0 = RIG-API-UAT|Any CPU
		{C26FCFCE-A6CB-4D46-B236-C8C647800861}.UAT|Any CPU.ActiveCfg = UAT|Any CPU
		{C26FCFCE-A6CB-4D46-B236-C8C647800861}.UAT|Any CPU.Build.0 = UAT|Any CPU
		{EDFCF717-F999-49E2-95A5-B96A88C00FCC}.CORP-API-UAT|Any CPU.ActiveCfg = CORP-API-UAT|Any CPU
		{EDFCF717-F999-49E2-95A5-B96A88C00FCC}.CORP-API-UAT|Any CPU.Build.0 = CORP-API-UAT|Any CPU
		{EDFCF717-F999-49E2-95A5-B96A88C00FCC}.Debug|Any CPU.ActiveCfg = Debug|Any CPU
		{EDFCF717-F999-49E2-95A5-B96A88C00FCC}.Debug|Any CPU.Build.0 = Debug|Any CPU
		{EDFCF717-F999-49E2-95A5-B96A88C00FCC}.R8505-RIG-API|Any CPU.ActiveCfg = R8505-RIG-API|Any CPU
		{EDFCF717-F999-49E2-95A5-B96A88C00FCC}.R8505-RIG-API|Any CPU.Build.0 = R8505-RIG-API|Any CPU
		{EDFCF717-F999-49E2-95A5-B96A88C00FCC}.Release|Any CPU.ActiveCfg = Release|Any CPU
		{EDFCF717-F999-49E2-95A5-B96A88C00FCC}.Release|Any CPU.Build.0 = Release|Any CPU
		{EDFCF717-F999-49E2-95A5-B96A88C00FCC}.RIG-API-DEV|Any CPU.ActiveCfg = RIG-API-DEV|Any CPU
		{EDFCF717-F999-49E2-95A5-B96A88C00FCC}.RIG-API-DEV|Any CPU.Build.0 = RIG-API-DEV|Any CPU
		{EDFCF717-F999-49E2-95A5-B96A88C00FCC}.RIG-API-UAT|Any CPU.ActiveCfg = RIG-API-UAT|Any CPU
		{EDFCF717-F999-49E2-95A5-B96A88C00FCC}.RIG-API-UAT|Any CPU.Build.0 = RIG-API-UAT|Any CPU
		{EDFCF717-F999-49E2-95A5-B96A88C00FCC}.UAT|Any CPU.ActiveCfg = UAT|Any CPU
		{EDFCF717-F999-49E2-95A5-B96A88C00FCC}.UAT|Any CPU.Build.0 = UAT|Any CPU
		{FA75858F-D857-4C2E-BC31-16768AED3F7E}.CORP-API-UAT|Any CPU.ActiveCfg = CORP-API-UAT|Any CPU
		{FA75858F-D857-4C2E-BC31-16768AED3F7E}.CORP-API-UAT|Any CPU.Build.0 = CORP-API-UAT|Any CPU
		{FA75858F-D857-4C2E-BC31-16768AED3F7E}.Debug|Any CPU.ActiveCfg = Debug|Any CPU
		{FA75858F-D857-4C2E-BC31-16768AED3F7E}.Debug|Any CPU.Build.0 = Debug|Any CPU
		{FA75858F-D857-4C2E-BC31-16768AED3F7E}.R8505-RIG-API|Any CPU.ActiveCfg = R8505-RIG-API|Any CPU
		{FA75858F-D857-4C2E-BC31-16768AED3F7E}.R8505-RIG-API|Any CPU.Build.0 = R8505-RIG-API|Any CPU
		{FA75858F-D857-4C2E-BC31-16768AED3F7E}.Release|Any CPU.ActiveCfg = Release|Any CPU
		{FA75858F-D857-4C2E-BC31-16768AED3F7E}.Release|Any CPU.Build.0 = Release|Any CPU
		{FA75858F-D857-4C2E-BC31-16768AED3F7E}.RIG-API-DEV|Any CPU.ActiveCfg = RIG-API-DEV|Any CPU
		{FA75858F-D857-4C2E-BC31-16768AED3F7E}.RIG-API-DEV|Any CPU.Build.0 = RIG-API-DEV|Any CPU
		{FA75858F-D857-4C2E-BC31-16768AED3F7E}.RIG-API-UAT|Any CPU.ActiveCfg = RIG-API-UAT|Any CPU
		{FA75858F-D857-4C2E-BC31-16768AED3F7E}.RIG-API-UAT|Any CPU.Build.0 = RIG-API-UAT|Any CPU
		{FA75858F-D857-4C2E-BC31-16768AED3F7E}.UAT|Any CPU.ActiveCfg = UAT|Any CPU
		{FA75858F-D857-4C2E-BC31-16768AED3F7E}.UAT|Any CPU.Build.0 = UAT|Any CPU
		{40CDB0AF-7100-4419-A51E-0D80B4B9BE8A}.CORP-API-UAT|Any CPU.ActiveCfg = CORP-API-UAT|Any CPU
		{40CDB0AF-7100-4419-A51E-0D80B4B9BE8A}.CORP-API-UAT|Any CPU.Build.0 = CORP-API-UAT|Any CPU
		{40CDB0AF-7100-4419-A51E-0D80B4B9BE8A}.Debug|Any CPU.ActiveCfg = Debug|Any CPU
		{40CDB0AF-7100-4419-A51E-0D80B4B9BE8A}.Debug|Any CPU.Build.0 = Debug|Any CPU
		{40CDB0AF-7100-4419-A51E-0D80B4B9BE8A}.R8505-RIG-API|Any CPU.ActiveCfg = R8505-RIG-API|Any CPU
		{40CDB0AF-7100-4419-A51E-0D80B4B9BE8A}.R8505-RIG-API|Any CPU.Build.0 = R8505-RIG-API|Any CPU
		{40CDB0AF-7100-4419-A51E-0D80B4B9BE8A}.Release|Any CPU.ActiveCfg = Release|Any CPU
		{40CDB0AF-7100-4419-A51E-0D80B4B9BE8A}.Release|Any CPU.Build.0 = Release|Any CPU
		{40CDB0AF-7100-4419-A51E-0D80B4B9BE8A}.RIG-API-DEV|Any CPU.ActiveCfg = RIG-API-DEV|Any CPU
		{40CDB0AF-7100-4419-A51E-0D80B4B9BE8A}.RIG-API-DEV|Any CPU.Build.0 = RIG-API-DEV|Any CPU
		{40CDB0AF-7100-4419-A51E-0D80B4B9BE8A}.RIG-API-UAT|Any CPU.ActiveCfg = RIG-API-UAT|Any CPU
		{40CDB0AF-7100-4419-A51E-0D80B4B9BE8A}.RIG-API-UAT|Any CPU.Build.0 = RIG-API-UAT|Any CPU
		{40CDB0AF-7100-4419-A51E-0D80B4B9BE8A}.UAT|Any CPU.ActiveCfg = UAT|Any CPU
		{40CDB0AF-7100-4419-A51E-0D80B4B9BE8A}.UAT|Any CPU.Build.0 = UAT|Any CPU
		{B805CDC2-F6E5-4AB7-BCC2-F554A76F1DCA}.CORP-API-UAT|Any CPU.ActiveCfg = CORP-API-UAT|Any CPU
		{B805CDC2-F6E5-4AB7-BCC2-F554A76F1DCA}.CORP-API-UAT|Any CPU.Build.0 = CORP-API-UAT|Any CPU
		{B805CDC2-F6E5-4AB7-BCC2-F554A76F1DCA}.Debug|Any CPU.ActiveCfg = Debug|Any CPU
		{B805CDC2-F6E5-4AB7-BCC2-F554A76F1DCA}.Debug|Any CPU.Build.0 = Debug|Any CPU
		{B805CDC2-F6E5-4AB7-BCC2-F554A76F1DCA}.R8505-RIG-API|Any CPU.ActiveCfg = R8505-RIG-API|Any CPU
		{B805CDC2-F6E5-4AB7-BCC2-F554A76F1DCA}.R8505-RIG-API|Any CPU.Build.0 = R8505-RIG-API|Any CPU
		{B805CDC2-F6E5-4AB7-BCC2-F554A76F1DCA}.Release|Any CPU.ActiveCfg = Release|Any CPU
		{B805CDC2-F6E5-4AB7-BCC2-F554A76F1DCA}.Release|Any CPU.Build.0 = Release|Any CPU
		{B805CDC2-F6E5-4AB7-BCC2-F554A76F1DCA}.RIG-API-DEV|Any CPU.ActiveCfg = RIG-API-DEV|Any CPU
		{B805CDC2-F6E5-4AB7-BCC2-F554A76F1DCA}.RIG-API-DEV|Any CPU.Build.0 = RIG-API-DEV|Any CPU
		{B805CDC2-F6E5-4AB7-BCC2-F554A76F1DCA}.RIG-API-UAT|Any CPU.ActiveCfg = RIG-API-UAT|Any CPU
		{B805CDC2-F6E5-4AB7-BCC2-F554A76F1DCA}.RIG-API-UAT|Any CPU.Build.0 = RIG-API-UAT|Any CPU
		{B805CDC2-F6E5-4AB7-BCC2-F554A76F1DCA}.UAT|Any CPU.ActiveCfg = UAT|Any CPU
		{B805CDC2-F6E5-4AB7-BCC2-F554A76F1DCA}.UAT|Any CPU.Build.0 = UAT|Any CPU
		{2A5F56FC-C374-4072-8AA0-FFD9D38A7C66}.CORP-API-UAT|Any CPU.ActiveCfg = CORP-API-UAT|Any CPU
		{2A5F56FC-C374-4072-8AA0-FFD9D38A7C66}.CORP-API-UAT|Any CPU.Build.0 = CORP-API-UAT|Any CPU
		{2A5F56FC-C374-4072-8AA0-FFD9D38A7C66}.Debug|Any CPU.ActiveCfg = Debug|Any CPU
		{2A5F56FC-C374-4072-8AA0-FFD9D38A7C66}.Debug|Any CPU.Build.0 = Debug|Any CPU
		{2A5F56FC-C374-4072-8AA0-FFD9D38A7C66}.R8505-RIG-API|Any CPU.ActiveCfg = R8505-RIG-API|Any CPU
		{2A5F56FC-C374-4072-8AA0-FFD9D38A7C66}.R8505-RIG-API|Any CPU.Build.0 = R8505-RIG-API|Any CPU
		{2A5F56FC-C374-4072-8AA0-FFD9D38A7C66}.Release|Any CPU.ActiveCfg = Release|Any CPU
		{2A5F56FC-C374-4072-8AA0-FFD9D38A7C66}.Release|Any CPU.Build.0 = Release|Any CPU
		{2A5F56FC-C374-4072-8AA0-FFD9D38A7C66}.RIG-API-DEV|Any CPU.ActiveCfg = RIG-API-DEV|Any CPU
		{2A5F56FC-C374-4072-8AA0-FFD9D38A7C66}.RIG-API-DEV|Any CPU.Build.0 = RIG-API-DEV|Any CPU
		{2A5F56FC-C374-4072-8AA0-FFD9D38A7C66}.RIG-API-UAT|Any CPU.ActiveCfg = RIG-API-UAT|Any CPU
		{2A5F56FC-C374-4072-8AA0-FFD9D38A7C66}.RIG-API-UAT|Any CPU.Build.0 = RIG-API-UAT|Any CPU
		{2A5F56FC-C374-4072-8AA0-FFD9D38A7C66}.UAT|Any CPU.ActiveCfg = UAT|Any CPU
		{2A5F56FC-C374-4072-8AA0-FFD9D38A7C66}.UAT|Any CPU.Build.0 = UAT|Any CPU
	EndGlobalSection
	GlobalSection(SolutionProperties) = preSolution
		HideSolutionNode = FALSE
	EndGlobalSection
	GlobalSection(NestedProjects) = preSolution
		{C7BC287E-6F9C-4393-B1AB-E3A74735E2F3} = {01ECC7DA-EB15-441B-8A08-0336A5546B76}
		{6449B522-3F17-43E6-8423-6C2DE0891C30} = {82718B35-E97D-4B17-B9C2-F533D7511E99}
		{59954F81-748A-401E-BC1A-8845F3508F9C} = {CFBECD90-E963-40DE-8D9E-D8EACB781D49}
		{6F0BA0E3-FB90-4C18-B122-BC8DD1FCB39A} = {59954F81-748A-401E-BC1A-8845F3508F9C}
		{514D0F6E-D543-4350-9862-D2508FBDE779} = {01ECC7DA-EB15-441B-8A08-0336A5546B76}
		{A1E8E75C-3304-40E0-B08A-47DDFCA8DCD4} = {CFBECD90-E963-40DE-8D9E-D8EACB781D49}
		{433CC126-CB25-4043-B2D8-DE8C9E7F9F51} = {CFBECD90-E963-40DE-8D9E-D8EACB781D49}
		{A4F9F839-FFAF-4E28-AC6B-66573770EE77} = {F34FE370-64D6-4B2E-940D-C481A646C1B1}
		{68756816-8632-4B4C-B760-1968B1C31289} = {CFBECD90-E963-40DE-8D9E-D8EACB781D49}
		{274D30BD-4680-4747-9A63-C85DF0442B89} = {82718B35-E97D-4B17-B9C2-F533D7511E99}
		{181AB00E-8C85-4F6C-BE65-945F94C271FB} = {CFBECD90-E963-40DE-8D9E-D8EACB781D49}
		{14A6FFC0-8BCC-4B4D-BC74-3C9B25483664} = {514D0F6E-D543-4350-9862-D2508FBDE779}
		{09E11CBD-8342-4F87-847F-0E239656DCA5} = {514D0F6E-D543-4350-9862-D2508FBDE779}
		{C26FCFCE-A6CB-4D46-B236-C8C647800861} = {514D0F6E-D543-4350-9862-D2508FBDE779}
		{EDFCF717-F999-49E2-95A5-B96A88C00FCC} = {59954F81-748A-401E-BC1A-8845F3508F9C}
		{FA75858F-D857-4C2E-BC31-16768AED3F7E} = {59954F81-748A-401E-BC1A-8845F3508F9C}
		{40CDB0AF-7100-4419-A51E-0D80B4B9BE8A} = {59954F81-748A-401E-BC1A-8845F3508F9C}
		{B805CDC2-F6E5-4AB7-BCC2-F554A76F1DCA} = {F34FE370-64D6-4B2E-940D-C481A646C1B1}
		{39E46871-FBC4-4D7A-A0CD-16640B1A8D9D} = {F34FE370-64D6-4B2E-940D-C481A646C1B1}
		{2A5F56FC-C374-4072-8AA0-FFD9D38A7C66} = {39E46871-FBC4-4D7A-A0CD-16640B1A8D9D}
	EndGlobalSection
	GlobalSection(ExtensibilityGlobals) = postSolution
		SolutionGuid = {3C921F58-1487-485D-97DC-2C0ACCB94932}
	EndGlobalSection
	GlobalSection(TeamFoundationVersionControl) = preSolution
		SccNumberOfProjects = 18
		SccEnterpriseProvider = {4CA58AB2-18FA-4F8D-95D4-32DDF27D184C}
		SccTeamFoundationServer = http://ddr-tfs01np:8080/tfs/irmacollection
		SccLocalPath0 = .
		SccProjectUniqueName1 = Api\\CorpApi\\CorpApi.csproj
		SccProjectTopLevelParentUniqueName1 = IRMAOAPApi.sln
		SccProjectName1 = Api/CorpApi
		SccLocalPath1 = Api\\CorpApi
		SccProjectUniqueName2 = Api\\RigApi\\RigApi.csproj
		SccProjectTopLevelParentUniqueName2 = IRMAOAPApi.sln
		SccProjectName2 = Api/RigApi
		SccLocalPath2 = Api\\RigApi
		SccProjectUniqueName3 = Api\\Shared\\OwinSecurity\\Common.csproj
		SccProjectTopLevelParentUniqueName3 = IRMAOAPApi.sln
		SccProjectName3 = Api/Shared/OwinSecurity
		SccLocalPath3 = Api\\Shared\\OwinSecurity
		SccProjectUniqueName4 = Business\\Environment\\Framework.csproj
		SccProjectTopLevelParentUniqueName4 = IRMAOAPApi.sln
		SccProjectName4 = Business/Environment
		SccLocalPath4 = Business\\Environment
		SccProjectUniqueName5 = Business\\Services\\BusinessServices.csproj
		SccProjectTopLevelParentUniqueName5 = IRMAOAPApi.sln
		SccProjectName5 = Business/Services
		SccLocalPath5 = Business\\Services
		SccProjectUniqueName6 = Business\\Workflow\\WorkflowEngine.csproj
		SccProjectTopLevelParentUniqueName6 = IRMAOAPApi.sln
		SccProjectName6 = Business/Workflow
		SccLocalPath6 = Business\\Workflow
		SccProjectUniqueName7 = Data\\EfData.csproj
		SccProjectTopLevelParentUniqueName7 = IRMAOAPApi.sln
		SccProjectName7 = Data
		SccLocalPath7 = Data
		SccProjectUniqueName8 = Domain\\DomainModels.csproj
		SccProjectTopLevelParentUniqueName8 = IRMAOAPApi.sln
		SccProjectName8 = Domain
		SccLocalPath8 = Domain
		SccProjectUniqueName9 = Interfaces\\Data\\DataInterfaces.csproj
		SccProjectTopLevelParentUniqueName9 = IRMAOAPApi.sln
		SccProjectName9 = Interfaces/Data
		SccLocalPath9 = Interfaces\\Data
		SccProjectUniqueName10 = Interfaces\\Domain\\DomainInterfaces.csproj
		SccProjectTopLevelParentUniqueName10 = IRMAOAPApi.sln
		SccProjectName10 = Interfaces/Domain
		SccLocalPath10 = Interfaces\\Domain
		SccProjectUniqueName11 = Interfaces\\Services\\ServiceInterfaces.csproj
		SccProjectTopLevelParentUniqueName11 = IRMAOAPApi.sln
		SccProjectName11 = Interfaces/Services
		SccLocalPath11 = Interfaces\\Services
		SccProjectUniqueName12 = Logging\\Logging.csproj
		SccProjectTopLevelParentUniqueName12 = IRMAOAPApi.sln
		SccProjectName12 = Logging
		SccLocalPath12 = Logging
		SccProjectUniqueName13 = Shared\\Constants\\ApiConstants.csproj
		SccProjectTopLevelParentUniqueName13 = IRMAOAPApi.sln
		SccProjectName13 = Shared/Constants
		SccLocalPath13 = Shared\\Constants
		SccProjectUniqueName14 = Shared\\Extensions\\Extensions.csproj
		SccProjectTopLevelParentUniqueName14 = IRMAOAPApi.sln
		SccProjectName14 = Shared/Extensions
		SccLocalPath14 = Shared\\Extensions
		SccProjectUniqueName15 = Shared\\UIConstants\\UIConstants.csproj
		SccProjectTopLevelParentUniqueName15 = IRMAOAPApi.sln
		SccProjectName15 = Shared/UIConstants
		SccLocalPath15 = Shared\\UIConstants
		SccProjectUniqueName16 = Tests\\EfData.Tests\\EfData.Tests.csproj
		SccProjectTopLevelParentUniqueName16 = IRMAOAPApi.sln
		SccProjectName16 = Tests/EfData.Tests
		SccLocalPath16 = Tests\\EfData.Tests
		SccProjectUniqueName17 = Tests\\Framework.Tests\\Framework.Tests.csproj
		SccProjectTopLevelParentUniqueName17 = IRMAOAPApi.sln
		SccProjectName17 = Tests/Framework.Tests
		SccLocalPath17 = Tests\\Framework.Tests
	EndGlobalSection
EndGlobal
